
Microsoft Visual Studio Solution File, Format Version 12.00
# Visual Studio Version 17
VisualStudioVersion = 17.5.33530.505
MinimumVisualStudioVersion = 10.0.40219.1
Project("{FAE04EC0-301F-11D3-BF4B-00C04F79EFBC}") = "InventarioApp", "InventarioApp.csproj", "{6FB8A681-9AFB-4313-B7EF-EAE1B6C0B4D1}"
EndProject
Global
	GlobalSection(SolutionConfigurationPlatforms) = preSolution
		Debug|Any CPU = Debug|Any CPU
		Release|Any CPU = Release|Any CPU
	EndGlobalSection
	GlobalSection(ProjectConfigurationPlatforms) = postSolution
		{6FB8A681-9AFB-4313-B7EF-EAE1B6C0B4D1}.Debug|Any CPU.ActiveCfg = Debug|Any CPU
		{6FB8A681-9AFB-4313-B7EF-EAE1B6C0B4D1}.Debug|Any CPU.Build.0 = Debug|Any CPU
		{6FB8A681-9AFB-4313-B7EF-EAE1B6C0B4D1}.Release|Any CPU.ActiveCfg = Release|Any CPU
		{6FB8A681-9AFB-4313-B7EF-EAE1B6C0B4D1}.Release|Any CPU.Build.0 = Release|Any CPU
	EndGlobalSection
	GlobalSection(SolutionProperties) = preSolution
		HideSolutionNode = FALSE
	EndGlobalSection
	GlobalSection(ExtensibilityGlobals) = postSolution
		SolutionGuid = {EB8E89BD-5DCD-4AB6-B3D5-2A86108226CC}
	EndGlobalSection
EndGlobal
